
Microsoft Visual Studio Solution File, Format Version 12.00
# Visual Studio Version 16
VisualStudioVersion = 16.0.29411.108
MinimumVisualStudioVersion = 10.0.40219.1
Project("{FAE04EC0-301F-11D3-BF4B-00C04F79EFBC}") = "RosenHCMC.VPN", "RosenHCMC.VPN.csproj", "{5B42F8FB-4839-4A87-BD12-56C7558B1310}"
EndProject
Global
	GlobalSection(SolutionConfigurationPlatforms) = preSolution
		Debug|Any CPU = Debug|Any CPU
		Release|Any CPU = Release|Any CPU
	EndGlobalSection
	GlobalSection(ProjectConfigurationPlatforms) = postSolution
		{5B42F8FB-4839-4A87-BD12-56C7558B1310}.Debug|Any CPU.ActiveCfg = Debug|Any CPU
		{5B42F8FB-4839-4A87-BD12-56C7558B1310}.Debug|Any CPU.Build.0 = Debug|Any CPU
		{5B42F8FB-4839-4A87-BD12-56C7558B1310}.Release|Any CPU.ActiveCfg = Release|Any CPU
		{5B42F8FB-4839-4A87-BD12-56C7558B1310}.Release|Any CPU.Build.0 = Release|Any CPU
	EndGlobalSection
	GlobalSection(SolutionProperties) = preSolution
		HideSolutionNode = FALSE
	EndGlobalSection
	GlobalSection(ExtensibilityGlobals) = postSolution
		SolutionGuid = {A56B1768-72D1-4850-86F0-BDC44B96624A}
	EndGlobalSection
EndGlobal
